// !$*UTF8*$!
{
	archiveVersion = 1;
	classes = {
	};
	objectVersion = 46;
	objects = {

/* Begin PBXBuildFile section */
		0F5A928716AF892E00CB3462 /* HomeViewController.m in Sources */ = {isa = PBXBuildFile; fileRef = 0F5A928616AF892E00CB3462 /* HomeViewController.m */; };
		0F5A928A16AF8A9300CB3462 /* DataService.m in Sources */ = {isa = PBXBuildFile; fileRef = 0F5A928916AF8A9300CB3462 /* DataService.m */; };
		0FC6F5B316AF8D9300257FD4 /* Kurtle.xcdatamodeld in Sources */ = {isa = PBXBuildFile; fileRef = 0FC6F5B116AF8D9300257FD4 /* Kurtle.xcdatamodeld */; };
		0FC6F5B616AF8DF500257FD4 /* Game.m in Sources */ = {isa = PBXBuildFile; fileRef = 0FC6F5B516AF8DF500257FD4 /* Game.m */; };
		0FC6F5B816AF8E3100257FD4 /* CoreData.framework in Frameworks */ = {isa = PBXBuildFile; fileRef = 0FC6F5B716AF8E3100257FD4 /* CoreData.framework */; };
		0FC6F5BA16AFA07400257FD4 /* libLexicontext.a in Frameworks */ = {isa = PBXBuildFile; fileRef = 0FC6F5B916AFA07400257FD4 /* libLexicontext.a */; };
		0FC6F5BE16AFA24C00257FD4 /* LexicontextAssets.bundle in Resources */ = {isa = PBXBuildFile; fileRef = 0FC6F5BD16AFA24C00257FD4 /* LexicontextAssets.bundle */; };
		0FFE6C9B16A63FDE0065BC9F /* UIKit.framework in Frameworks */ = {isa = PBXBuildFile; fileRef = 0FFE6C9A16A63FDE0065BC9F /* UIKit.framework */; };
		0FFE6C9D16A63FDE0065BC9F /* Foundation.framework in Frameworks */ = {isa = PBXBuildFile; fileRef = 0FFE6C9C16A63FDE0065BC9F /* Foundation.framework */; };
		0FFE6C9F16A63FDE0065BC9F /* CoreGraphics.framework in Frameworks */ = {isa = PBXBuildFile; fileRef = 0FFE6C9E16A63FDE0065BC9F /* CoreGraphics.framework */; };
		0FFE6CA516A63FDE0065BC9F /* InfoPlist.strings in Resources */ = {isa = PBXBuildFile; fileRef = 0FFE6CA316A63FDE0065BC9F /* InfoPlist.strings */; };
		0FFE6CA716A63FDE0065BC9F /* main.m in Sources */ = {isa = PBXBuildFile; fileRef = 0FFE6CA616A63FDE0065BC9F /* main.m */; };
		0FFE6CAB16A63FDE0065BC9F /* AppDelegate.m in Sources */ = {isa = PBXBuildFile; fileRef = 0FFE6CAA16A63FDE0065BC9F /* AppDelegate.m */; };
		0FFE6CAD16A63FDE0065BC9F /* Default.png in Resources */ = {isa = PBXBuildFile; fileRef = 0FFE6CAC16A63FDE0065BC9F /* Default.png */; };
		0FFE6CAF16A63FDE0065BC9F /* Default@2x.png in Resources */ = {isa = PBXBuildFile; fileRef = 0FFE6CAE16A63FDE0065BC9F /* Default@2x.png */; };
		0FFE6CB116A63FDE0065BC9F /* Default-568h@2x.png in Resources */ = {isa = PBXBuildFile; fileRef = 0FFE6CB016A63FDE0065BC9F /* Default-568h@2x.png */; };
		0FFE6CB816A63FFB0065BC9F /* iPhoneStoryboard.storyboard in Resources */ = {isa = PBXBuildFile; fileRef = 0FFE6CB716A63FFB0065BC9F /* iPhoneStoryboard.storyboard */; };
		0FFE6CBB16A642190065BC9F /* TileView.m in Sources */ = {isa = PBXBuildFile; fileRef = 0FFE6CBA16A642190065BC9F /* TileView.m */; };
		0FFE6CBE16A6438A0065BC9F /* BoardViewController.m in Sources */ = {isa = PBXBuildFile; fileRef = 0FFE6CBD16A6438A0065BC9F /* BoardViewController.m */; };
		0FFE6CC116A645840065BC9F /* BoardView.m in Sources */ = {isa = PBXBuildFile; fileRef = 0FFE6CC016A645840065BC9F /* BoardView.m */; };
/* End PBXBuildFile section */

/* Begin PBXFileReference section */
		0F5A928516AF892E00CB3462 /* HomeViewController.h */ = {isa = PBXFileReference; fileEncoding = 4; lastKnownFileType = sourcecode.c.h; path = HomeViewController.h; sourceTree = "<group>"; };
		0F5A928616AF892E00CB3462 /* HomeViewController.m */ = {isa = PBXFileReference; fileEncoding = 4; lastKnownFileType = sourcecode.c.objc; path = HomeViewController.m; sourceTree = "<group>"; };
		0F5A928816AF8A9300CB3462 /* DataService.h */ = {isa = PBXFileReference; fileEncoding = 4; lastKnownFileType = sourcecode.c.h; path = DataService.h; sourceTree = "<group>"; };
		0F5A928916AF8A9300CB3462 /* DataService.m */ = {isa = PBXFileReference; fileEncoding = 4; lastKnownFileType = sourcecode.c.objc; path = DataService.m; sourceTree = "<group>"; };
		0FC6F5B216AF8D9300257FD4 /* Kurtle.xcdatamodel */ = {isa = PBXFileReference; lastKnownFileType = wrapper.xcdatamodel; path = Kurtle.xcdatamodel; sourceTree = "<group>"; };
		0FC6F5B416AF8DF500257FD4 /* Game.h */ = {isa = PBXFileReference; fileEncoding = 4; lastKnownFileType = sourcecode.c.h; path = Game.h; sourceTree = "<group>"; };
		0FC6F5B516AF8DF500257FD4 /* Game.m */ = {isa = PBXFileReference; fileEncoding = 4; lastKnownFileType = sourcecode.c.objc; path = Game.m; sourceTree = "<group>"; };
		0FC6F5B716AF8E3100257FD4 /* CoreData.framework */ = {isa = PBXFileReference; lastKnownFileType = wrapper.framework; name = CoreData.framework; path = System/Library/Frameworks/CoreData.framework; sourceTree = SDKROOT; };
		0FC6F5B916AFA07400257FD4 /* libLexicontext.a */ = {isa = PBXFileReference; lastKnownFileType = archive.ar; name = libLexicontext.a; path = ../libLexicontext.a; sourceTree = "<group>"; };
		0FC6F5BB16AFA08600257FD4 /* Lexicontext.h */ = {isa = PBXFileReference; fileEncoding = 4; lastKnownFileType = sourcecode.c.h; name = Lexicontext.h; path = ../Lexicontext.h; sourceTree = "<group>"; };
		0FC6F5BD16AFA24C00257FD4 /* LexicontextAssets.bundle */ = {isa = PBXFileReference; lastKnownFileType = "wrapper.plug-in"; path = LexicontextAssets.bundle; sourceTree = "<group>"; };
		0FFE6C9616A63FDE0065BC9F /* Kurtle.app */ = {isa = PBXFileReference; explicitFileType = wrapper.application; includeInIndex = 0; path = Kurtle.app; sourceTree = BUILT_PRODUCTS_DIR; };
		0FFE6C9A16A63FDE0065BC9F /* UIKit.framework */ = {isa = PBXFileReference; lastKnownFileType = wrapper.framework; name = UIKit.framework; path = System/Library/Frameworks/UIKit.framework; sourceTree = SDKROOT; };
		0FFE6C9C16A63FDE0065BC9F /* Foundation.framework */ = {isa = PBXFileReference; lastKnownFileType = wrapper.framework; name = Foundation.framework; path = System/Library/Frameworks/Foundation.framework; sourceTree = SDKROOT; };
		0FFE6C9E16A63FDE0065BC9F /* CoreGraphics.framework */ = {isa = PBXFileReference; lastKnownFileType = wrapper.framework; name = CoreGraphics.framework; path = System/Library/Frameworks/CoreGraphics.framework; sourceTree = SDKROOT; };
		0FFE6CA216A63FDE0065BC9F /* Kurtle-Info.plist */ = {isa = PBXFileReference; lastKnownFileType = text.plist.xml; path = "Kurtle-Info.plist"; sourceTree = "<group>"; };
		0FFE6CA416A63FDE0065BC9F /* en */ = {isa = PBXFileReference; lastKnownFileType = text.plist.strings; name = en; path = en.lproj/InfoPlist.strings; sourceTree = "<group>"; };
		0FFE6CA616A63FDE0065BC9F /* main.m */ = {isa = PBXFileReference; lastKnownFileType = sourcecode.c.objc; path = main.m; sourceTree = "<group>"; };
		0FFE6CA816A63FDE0065BC9F /* Kurtle-Prefix.pch */ = {isa = PBXFileReference; lastKnownFileType = sourcecode.c.h; path = "Kurtle-Prefix.pch"; sourceTree = "<group>"; };
		0FFE6CA916A63FDE0065BC9F /* AppDelegate.h */ = {isa = PBXFileReference; lastKnownFileType = sourcecode.c.h; path = AppDelegate.h; sourceTree = "<group>"; };
		0FFE6CAA16A63FDE0065BC9F /* AppDelegate.m */ = {isa = PBXFileReference; lastKnownFileType = sourcecode.c.objc; path = AppDelegate.m; sourceTree = "<group>"; };
		0FFE6CAC16A63FDE0065BC9F /* Default.png */ = {isa = PBXFileReference; lastKnownFileType = image.png; path = Default.png; sourceTree = "<group>"; };
		0FFE6CAE16A63FDE0065BC9F /* Default@2x.png */ = {isa = PBXFileReference; lastKnownFileType = image.png; path = "Default@2x.png"; sourceTree = "<group>"; };
		0FFE6CB016A63FDE0065BC9F /* Default-568h@2x.png */ = {isa = PBXFileReference; lastKnownFileType = image.png; path = "Default-568h@2x.png"; sourceTree = "<group>"; };
		0FFE6CB716A63FFB0065BC9F /* iPhoneStoryboard.storyboard */ = {isa = PBXFileReference; fileEncoding = 4; lastKnownFileType = file.storyboard; path = iPhoneStoryboard.storyboard; sourceTree = "<group>"; };
		0FFE6CB916A642190065BC9F /* TileView.h */ = {isa = PBXFileReference; fileEncoding = 4; lastKnownFileType = sourcecode.c.h; name = TileView.h; path = ../TileView.h; sourceTree = "<group>"; };
		0FFE6CBA16A642190065BC9F /* TileView.m */ = {isa = PBXFileReference; fileEncoding = 4; lastKnownFileType = sourcecode.c.objc; name = TileView.m; path = ../TileView.m; sourceTree = "<group>"; };
		0FFE6CBC16A6438A0065BC9F /* BoardViewController.h */ = {isa = PBXFileReference; fileEncoding = 4; lastKnownFileType = sourcecode.c.h; name = BoardViewController.h; path = ../BoardViewController.h; sourceTree = "<group>"; };
		0FFE6CBD16A6438A0065BC9F /* BoardViewController.m */ = {isa = PBXFileReference; fileEncoding = 4; lastKnownFileType = sourcecode.c.objc; name = BoardViewController.m; path = ../BoardViewController.m; sourceTree = "<group>"; };
		0FFE6CBF16A645840065BC9F /* BoardView.h */ = {isa = PBXFileReference; fileEncoding = 4; lastKnownFileType = sourcecode.c.h; name = BoardView.h; path = ../BoardView.h; sourceTree = "<group>"; };
		0FFE6CC016A645840065BC9F /* BoardView.m */ = {isa = PBXFileReference; fileEncoding = 4; lastKnownFileType = sourcecode.c.objc; name = BoardView.m; path = ../BoardView.m; sourceTree = "<group>"; };
/* End PBXFileReference section */

/* Begin PBXFrameworksBuildPhase section */
		0FFE6C9316A63FDE0065BC9F /* Frameworks */ = {
			isa = PBXFrameworksBuildPhase;
			buildActionMask = 2147483647;
			files = (
				0FC6F5B816AF8E3100257FD4 /* CoreData.framework in Frameworks */,
				0FFE6C9B16A63FDE0065BC9F /* UIKit.framework in Frameworks */,
				0FFE6C9D16A63FDE0065BC9F /* Foundation.framework in Frameworks */,
				0FFE6C9F16A63FDE0065BC9F /* CoreGraphics.framework in Frameworks */,
				0FC6F5BA16AFA07400257FD4 /* libLexicontext.a in Frameworks */,
			);
			runOnlyForDeploymentPostprocessing = 0;
		};
/* End PBXFrameworksBuildPhase section */

/* Begin PBXGroup section */
		0F5A927D16AF870E00CB3462 /* Data */ = {
			isa = PBXGroup;
			children = (
				0F5A928816AF8A9300CB3462 /* DataService.h */,
				0F5A928916AF8A9300CB3462 /* DataService.m */,
				0FC6F5B116AF8D9300257FD4 /* Kurtle.xcdatamodeld */,
				0FC6F5B416AF8DF500257FD4 /* Game.h */,
				0FC6F5B516AF8DF500257FD4 /* Game.m */,
			);
			path = Data;
			sourceTree = "<group>";
		};
		0F5A927F16AF872F00CB3462 /* Views */ = {
			isa = PBXGroup;
			children = (
				0FFE6CB916A642190065BC9F /* TileView.h */,
				0FFE6CBA16A642190065BC9F /* TileView.m */,
				0FFE6CBF16A645840065BC9F /* BoardView.h */,
				0FFE6CC016A645840065BC9F /* BoardView.m */,
			);
			path = Views;
			sourceTree = "<group>";
		};
		0F5A928116AF874B00CB3462 /* Controllers */ = {
			isa = PBXGroup;
			children = (
				0FFE6CBC16A6438A0065BC9F /* BoardViewController.h */,
				0FFE6CBD16A6438A0065BC9F /* BoardViewController.m */,
				0F5A928516AF892E00CB3462 /* HomeViewController.h */,
				0F5A928616AF892E00CB3462 /* HomeViewController.m */,
			);
			path = Controllers;
			sourceTree = "<group>";
		};
		0FC6F5BC16AFA21D00257FD4 /* Dictionary */ = {
			isa = PBXGroup;
			children = (
				0FC6F5BD16AFA24C00257FD4 /* LexicontextAssets.bundle */,
				0FC6F5BB16AFA08600257FD4 /* Lexicontext.h */,
				0FC6F5B916AFA07400257FD4 /* libLexicontext.a */,
			);
			path = Dictionary;
			sourceTree = "<group>";
		};
		0FFE6C8B16A63FDE0065BC9F = {
			isa = PBXGroup;
			children = (
				0FFE6CA016A63FDE0065BC9F /* Kurtle */,
				0FFE6C9916A63FDE0065BC9F /* Frameworks */,
				0FFE6C9716A63FDE0065BC9F /* Products */,
			);
			sourceTree = "<group>";
		};
		0FFE6C9716A63FDE0065BC9F /* Products */ = {
			isa = PBXGroup;
			children = (
				0FFE6C9616A63FDE0065BC9F /* Kurtle.app */,
			);
			name = Products;
			sourceTree = "<group>";
		};
		0FFE6C9916A63FDE0065BC9F /* Frameworks */ = {
			isa = PBXGroup;
			children = (
				0FC6F5BC16AFA21D00257FD4 /* Dictionary */,
				0FC6F5B716AF8E3100257FD4 /* CoreData.framework */,
				0FFE6C9A16A63FDE0065BC9F /* UIKit.framework */,
				0FFE6C9C16A63FDE0065BC9F /* Foundation.framework */,
				0FFE6C9E16A63FDE0065BC9F /* CoreGraphics.framework */,
			);
			name = Frameworks;
			sourceTree = "<group>";
		};
		0FFE6CA016A63FDE0065BC9F /* Kurtle */ = {
			isa = PBXGroup;
			children = (
				0F5A928116AF874B00CB3462 /* Controllers */,
				0F5A927F16AF872F00CB3462 /* Views */,
				0F5A927D16AF870E00CB3462 /* Data */,
				0FFE6CA916A63FDE0065BC9F /* AppDelegate.h */,
				0FFE6CAA16A63FDE0065BC9F /* AppDelegate.m */,
				0FFE6CA116A63FDE0065BC9F /* Supporting Files */,
				0FFE6CB716A63FFB0065BC9F /* iPhoneStoryboard.storyboard */,
			);
			path = Kurtle;
			sourceTree = "<group>";
		};
		0FFE6CA116A63FDE0065BC9F /* Supporting Files */ = {
			isa = PBXGroup;
			children = (
				0FFE6CA216A63FDE0065BC9F /* Kurtle-Info.plist */,
				0FFE6CA316A63FDE0065BC9F /* InfoPlist.strings */,
				0FFE6CA616A63FDE0065BC9F /* main.m */,
				0FFE6CA816A63FDE0065BC9F /* Kurtle-Prefix.pch */,
				0FFE6CAC16A63FDE0065BC9F /* Default.png */,
				0FFE6CAE16A63FDE0065BC9F /* Default@2x.png */,
				0FFE6CB016A63FDE0065BC9F /* Default-568h@2x.png */,
			);
			name = "Supporting Files";
			sourceTree = "<group>";
		};
/* End PBXGroup section */

/* Begin PBXNativeTarget section */
		0FFE6C9516A63FDE0065BC9F /* Kurtle */ = {
			isa = PBXNativeTarget;
			buildConfigurationList = 0FFE6CB416A63FDE0065BC9F /* Build configuration list for PBXNativeTarget "Kurtle" */;
			buildPhases = (
				0FFE6C9216A63FDE0065BC9F /* Sources */,
				0FFE6C9316A63FDE0065BC9F /* Frameworks */,
				0FFE6C9416A63FDE0065BC9F /* Resources */,
			);
			buildRules = (
			);
			dependencies = (
			);
			name = Kurtle;
			productName = Kurtle;
			productReference = 0FFE6C9616A63FDE0065BC9F /* Kurtle.app */;
			productType = "com.apple.product-type.application";
		};
/* End PBXNativeTarget section */

/* Begin PBXProject section */
		0FFE6C8D16A63FDE0065BC9F /* Project object */ = {
			isa = PBXProject;
			attributes = {
				LastUpgradeCheck = 0450;
				ORGANIZATIONNAME = "Kurt Guenther";
			};
			buildConfigurationList = 0FFE6C9016A63FDE0065BC9F /* Build configuration list for PBXProject "Kurtle" */;
			compatibilityVersion = "Xcode 3.2";
			developmentRegion = English;
			hasScannedForEncodings = 0;
			knownRegions = (
				en,
			);
			mainGroup = 0FFE6C8B16A63FDE0065BC9F;
			productRefGroup = 0FFE6C9716A63FDE0065BC9F /* Products */;
			projectDirPath = "";
			projectRoot = "";
			targets = (
				0FFE6C9516A63FDE0065BC9F /* Kurtle */,
			);
		};
/* End PBXProject section */

/* Begin PBXResourcesBuildPhase section */
		0FFE6C9416A63FDE0065BC9F /* Resources */ = {
			isa = PBXResourcesBuildPhase;
			buildActionMask = 2147483647;
			files = (
				0FFE6CA516A63FDE0065BC9F /* InfoPlist.strings in Resources */,
				0FFE6CAD16A63FDE0065BC9F /* Default.png in Resources */,
				0FFE6CAF16A63FDE0065BC9F /* Default@2x.png in Resources */,
				0FFE6CB116A63FDE0065BC9F /* Default-568h@2x.png in Resources */,
				0FFE6CB816A63FFB0065BC9F /* iPhoneStoryboard.storyboard in Resources */,
				0FC6F5BE16AFA24C00257FD4 /* LexicontextAssets.bundle in Resources */,
			);
			runOnlyForDeploymentPostprocessing = 0;
		};
/* End PBXResourcesBuildPhase section */

/* Begin PBXSourcesBuildPhase section */
		0FFE6C9216A63FDE0065BC9F /* Sources */ = {
			isa = PBXSourcesBuildPhase;
			buildActionMask = 2147483647;
			files = (
				0FFE6CA716A63FDE0065BC9F /* main.m in Sources */,
				0FFE6CAB16A63FDE0065BC9F /* AppDelegate.m in Sources */,
				0FFE6CBB16A642190065BC9F /* TileView.m in Sources */,
				0FFE6CBE16A6438A0065BC9F /* BoardViewController.m in Sources */,
				0FFE6CC116A645840065BC9F /* BoardView.m in Sources */,
				0F5A928716AF892E00CB3462 /* HomeViewController.m in Sources */,
				0F5A928A16AF8A9300CB3462 /* DataService.m in Sources */,
				0FC6F5B316AF8D9300257FD4 /* Kurtle.xcdatamodeld in Sources */,
				0FC6F5B616AF8DF500257FD4 /* Game.m in Sources */,
			);
			runOnlyForDeploymentPostprocessing = 0;
		};
/* End PBXSourcesBuildPhase section */

/* Begin PBXVariantGroup section */
		0FFE6CA316A63FDE0065BC9F /* InfoPlist.strings */ = {
			isa = PBXVariantGroup;
			children = (
				0FFE6CA416A63FDE0065BC9F /* en */,
			);
			name = InfoPlist.strings;
			sourceTree = "<group>";
		};
/* End PBXVariantGroup section */

/* Begin XCBuildConfiguration section */
		0FFE6CB216A63FDE0065BC9F /* Debug */ = {
			isa = XCBuildConfiguration;
			buildSettings = {
				ALWAYS_SEARCH_USER_PATHS = NO;
				CLANG_CXX_LANGUAGE_STANDARD = "gnu++0x";
				CLANG_CXX_LIBRARY = "libc++";
				CLANG_WARN_EMPTY_BODY = YES;
				CLANG_WARN__DUPLICATE_METHOD_MATCH = YES;
				"CODE_SIGN_IDENTITY[sdk=iphoneos*]" = "iPhone Developer";
				COPY_PHASE_STRIP = NO;
				GCC_C_LANGUAGE_STANDARD = gnu99;
				GCC_DYNAMIC_NO_PIC = NO;
				GCC_OPTIMIZATION_LEVEL = 0;
				GCC_PREPROCESSOR_DEFINITIONS = (
					"DEBUG=1",
					"$(inherited)",
				);
				GCC_SYMBOLS_PRIVATE_EXTERN = NO;
				GCC_WARN_ABOUT_RETURN_TYPE = YES;
				GCC_WARN_UNINITIALIZED_AUTOS = YES;
				GCC_WARN_UNUSED_VARIABLE = YES;
				IPHONEOS_DEPLOYMENT_TARGET = 6.0;
				ONLY_ACTIVE_ARCH = YES;
				SDKROOT = iphoneos;
				TARGETED_DEVICE_FAMILY = "1,2";
			};
			name = Debug;
		};
		0FFE6CB316A63FDE0065BC9F /* Release */ = {
			isa = XCBuildConfiguration;
			buildSettings = {
				ALWAYS_SEARCH_USER_PATHS = NO;
				CLANG_CXX_LANGUAGE_STANDARD = "gnu++0x";
				CLANG_CXX_LIBRARY = "libc++";
				CLANG_WARN_EMPTY_BODY = YES;
				CLANG_WARN__DUPLICATE_METHOD_MATCH = YES;
				"CODE_SIGN_IDENTITY[sdk=iphoneos*]" = "iPhone Developer";
				COPY_PHASE_STRIP = YES;
				GCC_C_LANGUAGE_STANDARD = gnu99;
				GCC_WARN_ABOUT_RETURN_TYPE = YES;
				GCC_WARN_UNINITIALIZED_AUTOS = YES;
				GCC_WARN_UNUSED_VARIABLE = YES;
				IPHONEOS_DEPLOYMENT_TARGET = 6.0;
				OTHER_CFLAGS = "-DNS_BLOCK_ASSERTIONS=1";
				SDKROOT = iphoneos;
				TARGETED_DEVICE_FAMILY = "1,2";
				VALIDATE_PRODUCT = YES;
			};
			name = Release;
		};
		0FFE6CB516A63FDE0065BC9F /* Debug */ = {
			isa = XCBuildConfiguration;
			buildSettings = {
				GCC_PRECOMPILE_PREFIX_HEADER = YES;
				GCC_PREFIX_HEADER = "Kurtle/Kurtle-Prefix.pch";
				INFOPLIST_FILE = "Kurtle/Kurtle-Info.plist";
				LIBRARY_SEARCH_PATHS = (
					"$(inherited)",
					"\"$(SRCROOT)\"",
				);
				PRODUCT_NAME = "$(TARGET_NAME)";
				WRAPPER_EXTENSION = app;
			};
			name = Debug;
		};
		0FFE6CB616A63FDE0065BC9F /* Release */ = {
			isa = XCBuildConfiguration;
			buildSettings = {
				GCC_PRECOMPILE_PREFIX_HEADER = YES;
				GCC_PREFIX_HEADER = "Kurtle/Kurtle-Prefix.pch";
				INFOPLIST_FILE = "Kurtle/Kurtle-Info.plist";
				LIBRARY_SEARCH_PATHS = (
					"$(inherited)",
					"\"$(SRCROOT)\"",
				);
				PRODUCT_NAME = "$(TARGET_NAME)";
				WRAPPER_EXTENSION = app;
			};
			name = Release;
		};
/* End XCBuildConfiguration section */

/* Begin XCConfigurationList section */
		0FFE6C9016A63FDE0065BC9F /* Build configuration list for PBXProject "Kurtle" */ = {
			isa = XCConfigurationList;
			buildConfigurations = (
				0FFE6CB216A63FDE0065BC9F /* Debug */,
				0FFE6CB316A63FDE0065BC9F /* Release */,
			);
			defaultConfigurationIsVisible = 0;
			defaultConfigurationName = Release;
		};
		0FFE6CB416A63FDE0065BC9F /* Build configuration list for PBXNativeTarget "Kurtle" */ = {
			isa = XCConfigurationList;
			buildConfigurations = (
				0FFE6CB516A63FDE0065BC9F /* Debug */,
				0FFE6CB616A63FDE0065BC9F /* Release */,
			);
			defaultConfigurationIsVisible = 0;
			defaultConfigurationName = Release;
		};
/* End XCConfigurationList section */

/* Begin XCVersionGroup section */
		0FC6F5B116AF8D9300257FD4 /* Kurtle.xcdatamodeld */ = {
			isa = XCVersionGroup;
			children = (
				0FC6F5B216AF8D9300257FD4 /* Kurtle.xcdatamodel */,
			);
			currentVersion = 0FC6F5B216AF8D9300257FD4 /* Kurtle.xcdatamodel */;
			path = Kurtle.xcdatamodeld;
			sourceTree = "<group>";
			versionGroupType = wrapper.xcdatamodel;
		};
/* End XCVersionGroup section */
	};
	rootObject = 0FFE6C8D16A63FDE0065BC9F /* Project object */;
}
